
Microsoft Visual Studio Solution File, Format Version 12.00
# Visual Studio Version 17
VisualStudioVersion = 17.7.34024.191
MinimumVisualStudioVersion = 10.0.40219.1
Project("{9A19103F-16F7-4668-BE54-9A1E7A4F7556}") = "EventManagement", "EventManagement.csproj", "{C8E04644-D2BF-4267-874C-B5DAB3ABEF9E}"
EndProject
Project("{FAE04EC0-301F-11D3-BF4B-00C04F79EFBC}") = "EMS", "..\EMS\EMS.csproj", "{359906D3-1D92-4416-A1EE-A932A4FA7E57}"
EndProject
Global
	GlobalSection(SolutionConfigurationPlatforms) = preSolution
		Debug|Any CPU = Debug|Any CPU
		Release|Any CPU = Release|Any CPU
	EndGlobalSection
	GlobalSection(ProjectConfigurationPlatforms) = postSolution
		{C8E04644-D2BF-4267-874C-B5DAB3ABEF9E}.Debug|Any CPU.ActiveCfg = Debug|Any CPU
		{C8E04644-D2BF-4267-874C-B5DAB3ABEF9E}.Debug|Any CPU.Build.0 = Debug|Any CPU
		{C8E04644-D2BF-4267-874C-B5DAB3ABEF9E}.Release|Any CPU.ActiveCfg = Release|Any CPU
		{C8E04644-D2BF-4267-874C-B5DAB3ABEF9E}.Release|Any CPU.Build.0 = Release|Any CPU
		{359906D3-1D92-4416-A1EE-A932A4FA7E57}.Debug|Any CPU.ActiveCfg = Debug|Any CPU
		{359906D3-1D92-4416-A1EE-A932A4FA7E57}.Debug|Any CPU.Build.0 = Debug|Any CPU
		{359906D3-1D92-4416-A1EE-A932A4FA7E57}.Release|Any CPU.ActiveCfg = Release|Any CPU
		{359906D3-1D92-4416-A1EE-A932A4FA7E57}.Release|Any CPU.Build.0 = Release|Any CPU
	EndGlobalSection
	GlobalSection(SolutionProperties) = preSolution
		HideSolutionNode = FALSE
	EndGlobalSection
	GlobalSection(ExtensibilityGlobals) = postSolution
		SolutionGuid = {16C8E973-06F0-4216-A905-14DB4E1BFB1C}
	EndGlobalSection
EndGlobal
